# THIS IS AN AUTOGENERATED FILE. DO NOT EDIT THIS FILE DIRECTLY.
# yarn lockfile v1


"dayjs@^1.10.7":
  "integrity" "sha512-P6twpd70BcPK34K26uJ1KT3wlhpuOAPoMwJzpsIWUxHZ7wpmbdZL/hQqBDfz7hGurYSa5PhzdhDHtt319hL3ig=="
  "resolved" "https://registry.npmjs.org/dayjs/-/dayjs-1.10.7.tgz"
  "version" "1.10.7"
